github.com/foxboron/pkcs7 v0.0.0-20200515184129-2907ba0539a4 h1:MjShgb2s0LWSgu+OT99aq6DNntgaAiFe6BuK7LjGN40=
github.com/foxboron/pkcs7 v0.0.0-20200515184129-2907ba0539a4/go.mod h1:px0/6X5Ap1wlLCWQ1DmiBULqyLBpoiXpUm0Vce+ufSk=
go.mozilla.org/pkcs7 v0.0.0-20200128120323-432b2356ecb1 h1:A/5uWzF44DlIgdm/PQFwfMkW0JX+cIcQi/SwLAmZP5M=
go.mozilla.org/pkcs7 v0.0.0-20200128120323-432b2356ecb1/go.mod h1:SNgMg+EgDFwmvSmLRTNKC5fegJjB7v23qTQ0XLGUNHk=
